
Microsoft Visual Studio Solution File, Format Version 12.00
# Visual Studio Version 17
VisualStudioVersion = 17.7.34018.315
MinimumVisualStudioVersion = 10.0.40219.1
Project("{9A19103F-16F7-4668-BE54-9A1E7A4F7556}") = "Core.Persistence", "Core.Persistence\Core.Persistence.csproj", "{53B90D85-73A4-4464-AFF1-7FF2D57F228C}"
EndProject
Project("{9A19103F-16F7-4668-BE54-9A1E7A4F7556}") = "Core.Application", "Core.Application\Core.Application.csproj", "{329DBD08-7303-4F05-828B-85DB675E6400}"
EndProject
Project("{FAE04EC0-301F-11D3-BF4B-00C04F79EFBC}") = "Core.CrossCuttingConcerns", "Core.CrossCuttingConcerns\Core.CrossCuttingConcerns.csproj", "{7DCA2DD1-48E4-41C4-9BA7-1992E16999DB}"
EndProject
Global
	GlobalSection(SolutionConfigurationPlatforms) = preSolution
		Debug|Any CPU = Debug|Any CPU
		Release|Any CPU = Release|Any CPU
	EndGlobalSection
	GlobalSection(ProjectConfigurationPlatforms) = postSolution
		{53B90D85-73A4-4464-AFF1-7FF2D57F228C}.Debug|Any CPU.ActiveCfg = Debug|Any CPU
		{53B90D85-73A4-4464-AFF1-7FF2D57F228C}.Debug|Any CPU.Build.0 = Debug|Any CPU
		{53B90D85-73A4-4464-AFF1-7FF2D57F228C}.Release|Any CPU.ActiveCfg = Release|Any CPU
		{53B90D85-73A4-4464-AFF1-7FF2D57F228C}.Release|Any CPU.Build.0 = Release|Any CPU
		{329DBD08-7303-4F05-828B-85DB675E6400}.Debug|Any CPU.ActiveCfg = Debug|Any CPU
		{329DBD08-7303-4F05-828B-85DB675E6400}.Debug|Any CPU.Build.0 = Debug|Any CPU
		{329DBD08-7303-4F05-828B-85DB675E6400}.Release|Any CPU.ActiveCfg = Release|Any CPU
		{329DBD08-7303-4F05-828B-85DB675E6400}.Release|Any CPU.Build.0 = Release|Any CPU
		{7DCA2DD1-48E4-41C4-9BA7-1992E16999DB}.Debug|Any CPU.ActiveCfg = Debug|Any CPU
		{7DCA2DD1-48E4-41C4-9BA7-1992E16999DB}.Debug|Any CPU.Build.0 = Debug|Any CPU
		{7DCA2DD1-48E4-41C4-9BA7-1992E16999DB}.Release|Any CPU.ActiveCfg = Release|Any CPU
		{7DCA2DD1-48E4-41C4-9BA7-1992E16999DB}.Release|Any CPU.Build.0 = Release|Any CPU
	EndGlobalSection
	GlobalSection(SolutionProperties) = preSolution
		HideSolutionNode = FALSE
	EndGlobalSection
	GlobalSection(ExtensibilityGlobals) = postSolution
		SolutionGuid = {E583856C-F78F-4215-A18A-EE2D6BB0DA99}
	EndGlobalSection
EndGlobal
